
Microsoft Visual Studio Solution File, Format Version 12.00
Project("{2150E333-8FDC-42A3-9474-1A3956D46DE8}") = "src", "src", "{827E0CD3-B72D-47B6-A68D-7590B98EB39B}"
EndProject
Project("{FAE04EC0-301F-11D3-BF4B-00C04F79EFBC}") = "WasabiBot.Core", "src/WasabiBot.Core/WasabiBot.Core.csproj", "{96B40044-5128-0387-8AF3-4E0A31105C26}"
EndProject
Project("{FAE04EC0-301F-11D3-BF4B-00C04F79EFBC}") = "WasabiBot.DataAccess", "src/WasabiBot.DataAccess/WasabiBot.DataAccess.csproj", "{4723F09E-C175-325A-20E9-C19E82A0D374}"
EndProject
Project("{FAE04EC0-301F-11D3-BF4B-00C04F79EFBC}") = "WasabiBot.Web", "src/WasabiBot.Web/WasabiBot.Web.csproj", "{D2D18210-3162-3EB9-592F-55828F650C9D}"
EndProject
Project("{FAE04EC0-301F-11D3-BF4B-00C04F79EFBC}") = "WasabiBot.Discord", "src/WasabiBot.Discord/WasabiBot.Discord.csproj", "{68777850-1513-E60B-1F36-44B09495E467}"
EndProject
Project("{2150E333-8FDC-42A3-9474-1A3956D46DE8}") = "test", "test", "{0AB3BF05-4346-4AA6-1389-037BE0695223}"
EndProject
Project("{2150E333-8FDC-42A3-9474-1A3956D46DE8}") = "tools", "tools", "{07C2787E-EAC7-C090-1BA3-A61EC2A24D84}"
EndProject
Project("{FAE04EC0-301F-11D3-BF4B-00C04F79EFBC}") = "WasabiBot.MigrationsRunner", "tools/WasabiBot.MigrationsRunner/WasabiBot.MigrationsRunner.csproj", "{63307BC7-7C19-474C-BB4F-8407D854EC90}"
EndProject
Project("{2150E333-8FDC-42A3-9474-1A3956D46DE8}") = "fly", "fly", "{A584D77A-20C3-40A1-AB4B-FBA304B170C9}"
	ProjectSection(SolutionItems) = preProject
		fly\fly.aspire.toml = fly\fly.aspire.toml
	EndProjectSection
EndProject
Project("{FAE04EC0-301F-11D3-BF4B-00C04F79EFBC}") = "WasabiBot.Tests.Unit", "test\WasabiBot.Tests.Unit\WasabiBot.Tests.Unit.csproj", "{3523902A-C454-4A61-B32A-C2A679184668}"
EndProject
Global
	GlobalSection(SolutionConfigurationPlatforms) = preSolution
		Debug|Any CPU = Debug|Any CPU
		Release|Any CPU = Release|Any CPU
	EndGlobalSection
	GlobalSection(ProjectConfigurationPlatforms) = postSolution
		{96B40044-5128-0387-8AF3-4E0A31105C26}.Debug|Any CPU.ActiveCfg = Debug|Any CPU
		{96B40044-5128-0387-8AF3-4E0A31105C26}.Debug|Any CPU.Build.0 = Debug|Any CPU
		{96B40044-5128-0387-8AF3-4E0A31105C26}.Release|Any CPU.ActiveCfg = Release|Any CPU
		{96B40044-5128-0387-8AF3-4E0A31105C26}.Release|Any CPU.Build.0 = Release|Any CPU
		{4723F09E-C175-325A-20E9-C19E82A0D374}.Debug|Any CPU.ActiveCfg = Debug|Any CPU
		{4723F09E-C175-325A-20E9-C19E82A0D374}.Debug|Any CPU.Build.0 = Debug|Any CPU
		{4723F09E-C175-325A-20E9-C19E82A0D374}.Release|Any CPU.ActiveCfg = Release|Any CPU
		{4723F09E-C175-325A-20E9-C19E82A0D374}.Release|Any CPU.Build.0 = Release|Any CPU
		{D2D18210-3162-3EB9-592F-55828F650C9D}.Debug|Any CPU.ActiveCfg = Debug|Any CPU
		{D2D18210-3162-3EB9-592F-55828F650C9D}.Debug|Any CPU.Build.0 = Debug|Any CPU
		{D2D18210-3162-3EB9-592F-55828F650C9D}.Release|Any CPU.ActiveCfg = Release|Any CPU
		{D2D18210-3162-3EB9-592F-55828F650C9D}.Release|Any CPU.Build.0 = Release|Any CPU
		{68777850-1513-E60B-1F36-44B09495E467}.Debug|Any CPU.ActiveCfg = Debug|Any CPU
		{68777850-1513-E60B-1F36-44B09495E467}.Debug|Any CPU.Build.0 = Debug|Any CPU
		{68777850-1513-E60B-1F36-44B09495E467}.Release|Any CPU.ActiveCfg = Release|Any CPU
		{68777850-1513-E60B-1F36-44B09495E467}.Release|Any CPU.Build.0 = Release|Any CPU
		{63307BC7-7C19-474C-BB4F-8407D854EC90}.Debug|Any CPU.ActiveCfg = Debug|Any CPU
		{63307BC7-7C19-474C-BB4F-8407D854EC90}.Debug|Any CPU.Build.0 = Debug|Any CPU
		{63307BC7-7C19-474C-BB4F-8407D854EC90}.Release|Any CPU.ActiveCfg = Release|Any CPU
		{63307BC7-7C19-474C-BB4F-8407D854EC90}.Release|Any CPU.Build.0 = Release|Any CPU
		{3523902A-C454-4A61-B32A-C2A679184668}.Debug|Any CPU.ActiveCfg = Debug|Any CPU
		{3523902A-C454-4A61-B32A-C2A679184668}.Debug|Any CPU.Build.0 = Debug|Any CPU
		{3523902A-C454-4A61-B32A-C2A679184668}.Release|Any CPU.ActiveCfg = Release|Any CPU
		{3523902A-C454-4A61-B32A-C2A679184668}.Release|Any CPU.Build.0 = Release|Any CPU
	EndGlobalSection
	GlobalSection(NestedProjects) = preSolution
		{96B40044-5128-0387-8AF3-4E0A31105C26} = {827E0CD3-B72D-47B6-A68D-7590B98EB39B}
		{4723F09E-C175-325A-20E9-C19E82A0D374} = {827E0CD3-B72D-47B6-A68D-7590B98EB39B}
		{68777850-1513-E60B-1F36-44B09495E467} = {827E0CD3-B72D-47B6-A68D-7590B98EB39B}
		{D2D18210-3162-3EB9-592F-55828F650C9D} = {827E0CD3-B72D-47B6-A68D-7590B98EB39B}
		{63307BC7-7C19-474C-BB4F-8407D854EC90} = {07C2787E-EAC7-C090-1BA3-A61EC2A24D84}
		{3523902A-C454-4A61-B32A-C2A679184668} = {0AB3BF05-4346-4AA6-1389-037BE0695223}
	EndGlobalSection
EndGlobal
