
Microsoft Visual Studio Solution File, Format Version 12.00
# Visual Studio Version 17
VisualStudioVersion = 17.5.002.0
MinimumVisualStudioVersion = 10.0.40219.1
Project("{2150E333-8FDC-42A3-9474-1A3956D46DE8}") = "src", "src", "{85618885-78F4-4919-933F-3548BB85D873}"
EndProject
Project("{9A19103F-16F7-4668-BE54-9A1E7A4F7556}") = "WasabiBot", "src\WasabiBot\WasabiBot.csproj", "{4A31DFF6-920A-4AA8-9678-5D0FE722B6D3}"
EndProject
Project("{9A19103F-16F7-4668-BE54-9A1E7A4F7556}") = "WasabiBot.Terraform", "src\WasabiBot.Terraform\WasabiBot.Terraform.csproj", "{B58BADD1-4E52-4FA0-82F4-825A4725B566}"
EndProject
Global
	GlobalSection(SolutionConfigurationPlatforms) = preSolution
		Debug|Any CPU = Debug|Any CPU
		Release|Any CPU = Release|Any CPU
	EndGlobalSection
	GlobalSection(ProjectConfigurationPlatforms) = postSolution
		{4A31DFF6-920A-4AA8-9678-5D0FE722B6D3}.Debug|Any CPU.ActiveCfg = Debug|Any CPU
		{4A31DFF6-920A-4AA8-9678-5D0FE722B6D3}.Debug|Any CPU.Build.0 = Debug|Any CPU
		{4A31DFF6-920A-4AA8-9678-5D0FE722B6D3}.Release|Any CPU.ActiveCfg = Release|Any CPU
		{4A31DFF6-920A-4AA8-9678-5D0FE722B6D3}.Release|Any CPU.Build.0 = Release|Any CPU
		{B58BADD1-4E52-4FA0-82F4-825A4725B566}.Debug|Any CPU.ActiveCfg = Debug|Any CPU
		{B58BADD1-4E52-4FA0-82F4-825A4725B566}.Debug|Any CPU.Build.0 = Debug|Any CPU
		{B58BADD1-4E52-4FA0-82F4-825A4725B566}.Release|Any CPU.ActiveCfg = Release|Any CPU
		{B58BADD1-4E52-4FA0-82F4-825A4725B566}.Release|Any CPU.Build.0 = Release|Any CPU
	EndGlobalSection
	GlobalSection(SolutionProperties) = preSolution
		HideSolutionNode = FALSE
	EndGlobalSection
	GlobalSection(NestedProjects) = preSolution
		{4A31DFF6-920A-4AA8-9678-5D0FE722B6D3} = {85618885-78F4-4919-933F-3548BB85D873}
		{B58BADD1-4E52-4FA0-82F4-825A4725B566} = {85618885-78F4-4919-933F-3548BB85D873}
	EndGlobalSection
	GlobalSection(ExtensibilityGlobals) = postSolution
		SolutionGuid = {06EBD01B-C356-4CEB-BF1B-CB34E9F387DE}
	EndGlobalSection
EndGlobal
