
Microsoft Visual Studio Solution File, Format Version 12.00
Project("{2150E333-8FDC-42A3-9474-1A3956D46DE8}") = "infra", "infra", "{8DA5035E-85C0-510E-37A8-EBBCE2961067}"
EndProject
Project("{FAE04EC0-301F-11D3-BF4B-00C04F79EFBC}") = "WasabiBot.Terraform", "infra/WasabiBot.Terraform/WasabiBot.Terraform.csproj", "{3205F02A-17CE-C3B1-E83C-1890AE4472C0}"
EndProject
Project("{2150E333-8FDC-42A3-9474-1A3956D46DE8}") = "src", "src", "{E2ED7FF2-0B22-32CD-6AEE-3E86DDFD4EBD}"
EndProject
Project("{FAE04EC0-301F-11D3-BF4B-00C04F79EFBC}") = "WasabiBot.Core", "src/WasabiBot.Core/WasabiBot.Core.csproj", "{98A16EA2-FA3F-7908-CD92-4DF324892683}"
EndProject
Project("{FAE04EC0-301F-11D3-BF4B-00C04F79EFBC}") = "WasabiBot.DataAccess", "src/WasabiBot.DataAccess/WasabiBot.DataAccess.csproj", "{A83FAAAF-065A-9D19-7851-2D98EEBFBE0A}"
EndProject
Project("{FAE04EC0-301F-11D3-BF4B-00C04F79EFBC}") = "WasabiBot.Web", "src/WasabiBot.Web/WasabiBot.Web.csproj", "{8C2D2C4C-B192-6034-E5CD-D9B95B88654E}"
EndProject
Project("{2150E333-8FDC-42A3-9474-1A3956D46DE8}") = "tests", "tests", "{D03FD104-6FAA-9701-CF2C-999019A607C3}"
EndProject
Project("{FAE04EC0-301F-11D3-BF4B-00C04F79EFBC}") = "WasabiBot.UnitTests", "tests/WasabiBot.UnitTests/WasabiBot.UnitTests.csproj", "{AEBB9A33-8A4B-03DF-D3B6-5391F09A14C0}"
EndProject
Project("{2150E333-8FDC-42A3-9474-1A3956D46DE8}") = "tools", "tools", "{ACC68402-CB58-BB47-52E4-27007BEEE58E}"
EndProject
Project("{FAE04EC0-301F-11D3-BF4B-00C04F79EFBC}") = "WasabiBot.MigrationsRunner", "tools/WasabiBot.MigrationsRunner/WasabiBot.MigrationsRunner.csproj", "{9F86CC09-4765-FB8D-CFAF-1D58C9BA9405}"
EndProject
Project("{FAE04EC0-301F-11D3-BF4B-00C04F79EFBC}") = "WasabiBot.CommandsTool", "tools\WasabiBot.CommandsTool\WasabiBot.CommandsTool.csproj", "{7315D77B-F7C4-4F76-9418-C36B4B1DEC7C}"
EndProject
Project("{2150E333-8FDC-42A3-9474-1A3956D46DE8}") = "fly", "fly", "{CAAF7C03-9250-173D-9841-8C4C3581F896}"
	ProjectSection(SolutionItems) = preProject
		infra\fly\fly.aspire.toml = infra\fly\fly.aspire.toml
	EndProjectSection
EndProject
Project("{2150E333-8FDC-42A3-9474-1A3956D46DE8}") = "Solution Items", "Solution Items", "{DD120F05-56DB-4AA6-91FD-F4D23EADB9D4}"
	ProjectSection(SolutionItems) = preProject
		compose.yaml = compose.yaml
	EndProjectSection
EndProject
Global
	GlobalSection(SolutionConfigurationPlatforms) = preSolution
		Debug|Any CPU = Debug|Any CPU
		Release|Any CPU = Release|Any CPU
	EndGlobalSection
	GlobalSection(ProjectConfigurationPlatforms) = postSolution
		{3205F02A-17CE-C3B1-E83C-1890AE4472C0}.Debug|Any CPU.ActiveCfg = Debug|Any CPU
		{3205F02A-17CE-C3B1-E83C-1890AE4472C0}.Debug|Any CPU.Build.0 = Debug|Any CPU
		{3205F02A-17CE-C3B1-E83C-1890AE4472C0}.Release|Any CPU.ActiveCfg = Release|Any CPU
		{3205F02A-17CE-C3B1-E83C-1890AE4472C0}.Release|Any CPU.Build.0 = Release|Any CPU
		{98A16EA2-FA3F-7908-CD92-4DF324892683}.Debug|Any CPU.ActiveCfg = Debug|Any CPU
		{98A16EA2-FA3F-7908-CD92-4DF324892683}.Debug|Any CPU.Build.0 = Debug|Any CPU
		{98A16EA2-FA3F-7908-CD92-4DF324892683}.Release|Any CPU.ActiveCfg = Release|Any CPU
		{98A16EA2-FA3F-7908-CD92-4DF324892683}.Release|Any CPU.Build.0 = Release|Any CPU
		{A83FAAAF-065A-9D19-7851-2D98EEBFBE0A}.Debug|Any CPU.ActiveCfg = Debug|Any CPU
		{A83FAAAF-065A-9D19-7851-2D98EEBFBE0A}.Debug|Any CPU.Build.0 = Debug|Any CPU
		{A83FAAAF-065A-9D19-7851-2D98EEBFBE0A}.Release|Any CPU.ActiveCfg = Release|Any CPU
		{A83FAAAF-065A-9D19-7851-2D98EEBFBE0A}.Release|Any CPU.Build.0 = Release|Any CPU
		{8C2D2C4C-B192-6034-E5CD-D9B95B88654E}.Debug|Any CPU.ActiveCfg = Debug|Any CPU
		{8C2D2C4C-B192-6034-E5CD-D9B95B88654E}.Debug|Any CPU.Build.0 = Debug|Any CPU
		{8C2D2C4C-B192-6034-E5CD-D9B95B88654E}.Release|Any CPU.ActiveCfg = Release|Any CPU
		{8C2D2C4C-B192-6034-E5CD-D9B95B88654E}.Release|Any CPU.Build.0 = Release|Any CPU
		{AEBB9A33-8A4B-03DF-D3B6-5391F09A14C0}.Debug|Any CPU.ActiveCfg = Debug|Any CPU
		{AEBB9A33-8A4B-03DF-D3B6-5391F09A14C0}.Debug|Any CPU.Build.0 = Debug|Any CPU
		{AEBB9A33-8A4B-03DF-D3B6-5391F09A14C0}.Release|Any CPU.ActiveCfg = Release|Any CPU
		{AEBB9A33-8A4B-03DF-D3B6-5391F09A14C0}.Release|Any CPU.Build.0 = Release|Any CPU
		{9F86CC09-4765-FB8D-CFAF-1D58C9BA9405}.Debug|Any CPU.ActiveCfg = Debug|Any CPU
		{9F86CC09-4765-FB8D-CFAF-1D58C9BA9405}.Debug|Any CPU.Build.0 = Debug|Any CPU
		{9F86CC09-4765-FB8D-CFAF-1D58C9BA9405}.Release|Any CPU.ActiveCfg = Release|Any CPU
		{9F86CC09-4765-FB8D-CFAF-1D58C9BA9405}.Release|Any CPU.Build.0 = Release|Any CPU
		{7315D77B-F7C4-4F76-9418-C36B4B1DEC7C}.Debug|Any CPU.ActiveCfg = Debug|Any CPU
		{7315D77B-F7C4-4F76-9418-C36B4B1DEC7C}.Debug|Any CPU.Build.0 = Debug|Any CPU
		{7315D77B-F7C4-4F76-9418-C36B4B1DEC7C}.Release|Any CPU.ActiveCfg = Release|Any CPU
		{7315D77B-F7C4-4F76-9418-C36B4B1DEC7C}.Release|Any CPU.Build.0 = Release|Any CPU
	EndGlobalSection
	GlobalSection(NestedProjects) = preSolution
		{3205F02A-17CE-C3B1-E83C-1890AE4472C0} = {8DA5035E-85C0-510E-37A8-EBBCE2961067}
		{CAAF7C03-9250-173D-9841-8C4C3581F896} = {8DA5035E-85C0-510E-37A8-EBBCE2961067}
		{98A16EA2-FA3F-7908-CD92-4DF324892683} = {E2ED7FF2-0B22-32CD-6AEE-3E86DDFD4EBD}
		{A83FAAAF-065A-9D19-7851-2D98EEBFBE0A} = {E2ED7FF2-0B22-32CD-6AEE-3E86DDFD4EBD}
		{8C2D2C4C-B192-6034-E5CD-D9B95B88654E} = {E2ED7FF2-0B22-32CD-6AEE-3E86DDFD4EBD}
		{AEBB9A33-8A4B-03DF-D3B6-5391F09A14C0} = {D03FD104-6FAA-9701-CF2C-999019A607C3}
		{9F86CC09-4765-FB8D-CFAF-1D58C9BA9405} = {ACC68402-CB58-BB47-52E4-27007BEEE58E}
		{7315D77B-F7C4-4F76-9418-C36B4B1DEC7C} = {ACC68402-CB58-BB47-52E4-27007BEEE58E}
	EndGlobalSection
EndGlobal
