
Microsoft Visual Studio Solution File, Format Version 12.00
Project("{2150E333-8FDC-42A3-9474-1A3956D46DE8}") = "src", "src", "{827E0CD3-B72D-47B6-A68D-7590B98EB39B}"
EndProject
Project("{FAE04EC0-301F-11D3-BF4B-00C04F79EFBC}") = "WasabiBot.Api", "src\WasabiBot.Api\WasabiBot.Api.csproj", "{1D455B34-5A12-6F05-7833-B10DC9CBA6F5}"
EndProject
Project("{FAE04EC0-301F-11D3-BF4B-00C04F79EFBC}") = "WasabiBot.AppHost", "src\WasabiBot.AppHost\WasabiBot.AppHost.csproj", "{3D2CCC41-7763-38B5-3A15-66D86757E915}"
EndProject
Project("{FAE04EC0-301F-11D3-BF4B-00C04F79EFBC}") = "WasabiBot.DataAccess", "src\WasabiBot.DataAccess\WasabiBot.DataAccess.csproj", "{4723F09E-C175-325A-20E9-C19E82A0D374}"
EndProject
Project("{FAE04EC0-301F-11D3-BF4B-00C04F79EFBC}") = "WasabiBot.Migrations", "src\WasabiBot.Migrations\WasabiBot.Migrations.csproj", "{FB808D97-3C89-4BEA-3660-4A7B00056F91}"
EndProject
Project("{FAE04EC0-301F-11D3-BF4B-00C04F79EFBC}") = "WasabiBot.ServiceDefaults", "src\WasabiBot.ServiceDefaults\WasabiBot.ServiceDefaults.csproj", "{0ED68085-2EA1-F952-BE73-AF0C31818B91}"
EndProject
Project("{2150E333-8FDC-42A3-9474-1A3956D46DE8}") = "test", "test", "{0C88DD14-F956-CE84-757C-A364CCF449FC}"
EndProject
Project("{FAE04EC0-301F-11D3-BF4B-00C04F79EFBC}") = "WasabiBot.AspireTests", "test\WasabiBot.AspireTests\WasabiBot.AspireTests.csproj", "{88895FC3-6F78-DEF9-45CA-A011F3C410F6}"
EndProject
Project("{FAE04EC0-301F-11D3-BF4B-00C04F79EFBC}") = "WasabiBot.IntegrationTests", "test\WasabiBot.IntegrationTests\WasabiBot.IntegrationTests.csproj", "{CA6BE9ED-C301-A97E-145E-21EB6531D193}"
EndProject
Global
	GlobalSection(SolutionConfigurationPlatforms) = preSolution
		Debug|Any CPU = Debug|Any CPU
		Release|Any CPU = Release|Any CPU
	EndGlobalSection
	GlobalSection(ProjectConfigurationPlatforms) = postSolution
		{1D455B34-5A12-6F05-7833-B10DC9CBA6F5}.Debug|Any CPU.ActiveCfg = Debug|Any CPU
		{1D455B34-5A12-6F05-7833-B10DC9CBA6F5}.Debug|Any CPU.Build.0 = Debug|Any CPU
		{1D455B34-5A12-6F05-7833-B10DC9CBA6F5}.Release|Any CPU.ActiveCfg = Release|Any CPU
		{1D455B34-5A12-6F05-7833-B10DC9CBA6F5}.Release|Any CPU.Build.0 = Release|Any CPU
		{3D2CCC41-7763-38B5-3A15-66D86757E915}.Debug|Any CPU.ActiveCfg = Debug|Any CPU
		{3D2CCC41-7763-38B5-3A15-66D86757E915}.Debug|Any CPU.Build.0 = Debug|Any CPU
		{3D2CCC41-7763-38B5-3A15-66D86757E915}.Release|Any CPU.ActiveCfg = Release|Any CPU
		{3D2CCC41-7763-38B5-3A15-66D86757E915}.Release|Any CPU.Build.0 = Release|Any CPU
		{4723F09E-C175-325A-20E9-C19E82A0D374}.Debug|Any CPU.ActiveCfg = Debug|Any CPU
		{4723F09E-C175-325A-20E9-C19E82A0D374}.Debug|Any CPU.Build.0 = Debug|Any CPU
		{4723F09E-C175-325A-20E9-C19E82A0D374}.Release|Any CPU.ActiveCfg = Release|Any CPU
		{4723F09E-C175-325A-20E9-C19E82A0D374}.Release|Any CPU.Build.0 = Release|Any CPU
		{FB808D97-3C89-4BEA-3660-4A7B00056F91}.Debug|Any CPU.ActiveCfg = Debug|Any CPU
		{FB808D97-3C89-4BEA-3660-4A7B00056F91}.Debug|Any CPU.Build.0 = Debug|Any CPU
		{FB808D97-3C89-4BEA-3660-4A7B00056F91}.Release|Any CPU.ActiveCfg = Release|Any CPU
		{FB808D97-3C89-4BEA-3660-4A7B00056F91}.Release|Any CPU.Build.0 = Release|Any CPU
		{0ED68085-2EA1-F952-BE73-AF0C31818B91}.Debug|Any CPU.ActiveCfg = Debug|Any CPU
		{0ED68085-2EA1-F952-BE73-AF0C31818B91}.Debug|Any CPU.Build.0 = Debug|Any CPU
		{0ED68085-2EA1-F952-BE73-AF0C31818B91}.Release|Any CPU.ActiveCfg = Release|Any CPU
		{0ED68085-2EA1-F952-BE73-AF0C31818B91}.Release|Any CPU.Build.0 = Release|Any CPU
		{88895FC3-6F78-DEF9-45CA-A011F3C410F6}.Debug|Any CPU.ActiveCfg = Debug|Any CPU
		{88895FC3-6F78-DEF9-45CA-A011F3C410F6}.Debug|Any CPU.Build.0 = Debug|Any CPU
		{88895FC3-6F78-DEF9-45CA-A011F3C410F6}.Release|Any CPU.ActiveCfg = Release|Any CPU
		{88895FC3-6F78-DEF9-45CA-A011F3C410F6}.Release|Any CPU.Build.0 = Release|Any CPU
		{CA6BE9ED-C301-A97E-145E-21EB6531D193}.Debug|Any CPU.ActiveCfg = Debug|Any CPU
		{CA6BE9ED-C301-A97E-145E-21EB6531D193}.Debug|Any CPU.Build.0 = Debug|Any CPU
		{CA6BE9ED-C301-A97E-145E-21EB6531D193}.Release|Any CPU.ActiveCfg = Release|Any CPU
		{CA6BE9ED-C301-A97E-145E-21EB6531D193}.Release|Any CPU.Build.0 = Release|Any CPU
	EndGlobalSection
	GlobalSection(NestedProjects) = preSolution
		{1D455B34-5A12-6F05-7833-B10DC9CBA6F5} = {827E0CD3-B72D-47B6-A68D-7590B98EB39B}
		{3D2CCC41-7763-38B5-3A15-66D86757E915} = {827E0CD3-B72D-47B6-A68D-7590B98EB39B}
		{4723F09E-C175-325A-20E9-C19E82A0D374} = {827E0CD3-B72D-47B6-A68D-7590B98EB39B}
		{FB808D97-3C89-4BEA-3660-4A7B00056F91} = {827E0CD3-B72D-47B6-A68D-7590B98EB39B}
		{0ED68085-2EA1-F952-BE73-AF0C31818B91} = {827E0CD3-B72D-47B6-A68D-7590B98EB39B}
		{88895FC3-6F78-DEF9-45CA-A011F3C410F6} = {0C88DD14-F956-CE84-757C-A364CCF449FC}
		{CA6BE9ED-C301-A97E-145E-21EB6531D193} = {0C88DD14-F956-CE84-757C-A364CCF449FC}
	EndGlobalSection
EndGlobal
